
Microsoft Visual Studio Solution File, Format Version 12.00
# Visual Studio Version 17
VisualStudioVersion = 17.8.34511.84
MinimumVisualStudioVersion = 10.0.40219.1
Project("{F184B08F-C81C-45F6-A57F-5ABD9991F28F}") = "GitDemoProject-VB Web API", "GitDemoProject-VB Web API\GitDemoProject-VB Web API.vbproj", "{85E76773-E75E-4DA2-BB65-92BC47FE9E75}"
EndProject
Global
	GlobalSection(SolutionConfigurationPlatforms) = preSolution
		Debug|Any CPU = Debug|Any CPU
		Release|Any CPU = Release|Any CPU
	EndGlobalSection
	GlobalSection(ProjectConfigurationPlatforms) = postSolution
		{85E76773-E75E-4DA2-BB65-92BC47FE9E75}.Debug|Any CPU.ActiveCfg = Debug|Any CPU
		{85E76773-E75E-4DA2-BB65-92BC47FE9E75}.Debug|Any CPU.Build.0 = Debug|Any CPU
		{85E76773-E75E-4DA2-BB65-92BC47FE9E75}.Release|Any CPU.ActiveCfg = Release|Any CPU
		{85E76773-E75E-4DA2-BB65-92BC47FE9E75}.Release|Any CPU.Build.0 = Release|Any CPU
	EndGlobalSection
	GlobalSection(SolutionProperties) = preSolution
		HideSolutionNode = FALSE
	EndGlobalSection
	GlobalSection(ExtensibilityGlobals) = postSolution
		SolutionGuid = {91FA3A9A-A7C6-4EB0-A697-697EB5C82DB9}
	EndGlobalSection
EndGlobal
